// !$*UTF8*$!
{
	archiveVersion = 1;
	classes = {
	};
	objectVersion = 56;
	objects = {

/* Begin PBXBuildFile section */
		BF0F024729007E300073B0F9 /* LoginViewController.swift in Sources */ = {isa = PBXBuildFile; fileRef = BF0F024629007E300073B0F9 /* LoginViewController.swift */; };
		BF0F024929007FB50073B0F9 /* SignupViewController.swift in Sources */ = {isa = PBXBuildFile; fileRef = BF0F024829007FB50073B0F9 /* SignupViewController.swift */; };
		BF0F024B290080060073B0F9 /* IntroViewController.swift in Sources */ = {isa = PBXBuildFile; fileRef = BF0F024A290080060073B0F9 /* IntroViewController.swift */; };
		BF6C05FB290088E200E79267 /* HomeViewController.swift in Sources */ = {isa = PBXBuildFile; fileRef = BF6C05FA290088E200E79267 /* HomeViewController.swift */; };
		BF6C05FD290093F700E79267 /* GoogleService-Info.plist in Resources */ = {isa = PBXBuildFile; fileRef = BF6C05FC290093F700E79267 /* GoogleService-Info.plist */; };
		BF6C0600290095C400E79267 /* ProfileViewController.swift in Sources */ = {isa = PBXBuildFile; fileRef = BF6C05FF290095C400E79267 /* ProfileViewController.swift */; };
		BF6C06032900972C00E79267 /* FirebaseAuth in Frameworks */ = {isa = PBXBuildFile; productRef = BF6C06022900972C00E79267 /* FirebaseAuth */; };
		E43CD60F28F692BA00998899 /* AppDelegate.swift in Sources */ = {isa = PBXBuildFile; fileRef = E43CD60E28F692BA00998899 /* AppDelegate.swift */; };
		E43CD61128F692BA00998899 /* SceneDelegate.swift in Sources */ = {isa = PBXBuildFile; fileRef = E43CD61028F692BA00998899 /* SceneDelegate.swift */; };
		E43CD61328F692BA00998899 /* ViewController.swift in Sources */ = {isa = PBXBuildFile; fileRef = E43CD61228F692BA00998899 /* ViewController.swift */; };
		E43CD61628F692BA00998899 /* Main.storyboard in Resources */ = {isa = PBXBuildFile; fileRef = E43CD61428F692BA00998899 /* Main.storyboard */; };
		E43CD61828F692BE00998899 /* Assets.xcassets in Resources */ = {isa = PBXBuildFile; fileRef = E43CD61728F692BE00998899 /* Assets.xcassets */; };
		E43CD61B28F692BE00998899 /* LaunchScreen.storyboard in Resources */ = {isa = PBXBuildFile; fileRef = E43CD61928F692BE00998899 /* LaunchScreen.storyboard */; };
/* End PBXBuildFile section */

/* Begin PBXFileReference section */
		BF0F024629007E300073B0F9 /* LoginViewController.swift */ = {isa = PBXFileReference; lastKnownFileType = sourcecode.swift; path = LoginViewController.swift; sourceTree = "<group>"; };
		BF0F024829007FB50073B0F9 /* SignupViewController.swift */ = {isa = PBXFileReference; lastKnownFileType = sourcecode.swift; path = SignupViewController.swift; sourceTree = "<group>"; };
		BF0F024A290080060073B0F9 /* IntroViewController.swift */ = {isa = PBXFileReference; lastKnownFileType = sourcecode.swift; path = IntroViewController.swift; sourceTree = "<group>"; };
		BF6C05FA290088E200E79267 /* HomeViewController.swift */ = {isa = PBXFileReference; lastKnownFileType = sourcecode.swift; path = HomeViewController.swift; sourceTree = "<group>"; };
		BF6C05FC290093F700E79267 /* GoogleService-Info.plist */ = {isa = PBXFileReference; fileEncoding = 4; lastKnownFileType = text.plist.xml; path = "GoogleService-Info.plist"; sourceTree = "<group>"; };
		BF6C05FF290095C400E79267 /* ProfileViewController.swift */ = {isa = PBXFileReference; lastKnownFileType = sourcecode.swift; path = ProfileViewController.swift; sourceTree = "<group>"; };
		E43CD60B28F692BA00998899 /* Meet Me Outside.app */ = {isa = PBXFileReference; explicitFileType = wrapper.application; includeInIndex = 0; path = "Meet Me Outside.app"; sourceTree = BUILT_PRODUCTS_DIR; };
		E43CD60E28F692BA00998899 /* AppDelegate.swift */ = {isa = PBXFileReference; lastKnownFileType = sourcecode.swift; path = AppDelegate.swift; sourceTree = "<group>"; };
		E43CD61028F692BA00998899 /* SceneDelegate.swift */ = {isa = PBXFileReference; lastKnownFileType = sourcecode.swift; path = SceneDelegate.swift; sourceTree = "<group>"; };
		E43CD61228F692BA00998899 /* ViewController.swift */ = {isa = PBXFileReference; lastKnownFileType = sourcecode.swift; path = ViewController.swift; sourceTree = "<group>"; };
		E43CD61528F692BA00998899 /* Base */ = {isa = PBXFileReference; lastKnownFileType = file.storyboard; name = Base; path = Base.lproj/Main.storyboard; sourceTree = "<group>"; };
		E43CD61728F692BE00998899 /* Assets.xcassets */ = {isa = PBXFileReference; lastKnownFileType = folder.assetcatalog; path = Assets.xcassets; sourceTree = "<group>"; };
		E43CD61A28F692BE00998899 /* Base */ = {isa = PBXFileReference; lastKnownFileType = file.storyboard; name = Base; path = Base.lproj/LaunchScreen.storyboard; sourceTree = "<group>"; };
		E43CD61C28F692BE00998899 /* Info.plist */ = {isa = PBXFileReference; lastKnownFileType = text.plist.xml; path = Info.plist; sourceTree = "<group>"; };
/* End PBXFileReference section */

/* Begin PBXFrameworksBuildPhase section */
		E43CD60828F692BA00998899 /* Frameworks */ = {
			isa = PBXFrameworksBuildPhase;
			buildActionMask = 2147483647;
			files = (
				BF6C06032900972C00E79267 /* FirebaseAuth in Frameworks */,
			);
			runOnlyForDeploymentPostprocessing = 0;
		};
/* End PBXFrameworksBuildPhase section */

/* Begin PBXGroup section */
		E43CD60228F692BA00998899 = {
			isa = PBXGroup;
			children = (
				E43CD60D28F692BA00998899 /* Meet Me Outside */,
				E43CD60C28F692BA00998899 /* Products */,
			);
			sourceTree = "<group>";
		};
		E43CD60C28F692BA00998899 /* Products */ = {
			isa = PBXGroup;
			children = (
				E43CD60B28F692BA00998899 /* Meet Me Outside.app */,
			);
			name = Products;
			sourceTree = "<group>";
		};
		E43CD60D28F692BA00998899 /* Meet Me Outside */ = {
			isa = PBXGroup;
			children = (
				E43CD60E28F692BA00998899 /* AppDelegate.swift */,
				E43CD61028F692BA00998899 /* SceneDelegate.swift */,
				E43CD61228F692BA00998899 /* ViewController.swift */,
				E43CD61428F692BA00998899 /* Main.storyboard */,
				BF6C05FA290088E200E79267 /* HomeViewController.swift */,
				BF0F024A290080060073B0F9 /* IntroViewController.swift */,
				BF0F024629007E300073B0F9 /* LoginViewController.swift */,
				BF0F024829007FB50073B0F9 /* SignupViewController.swift */,
				BF6C05FF290095C400E79267 /* ProfileViewController.swift */,
				E43CD61728F692BE00998899 /* Assets.xcassets */,
				E43CD61928F692BE00998899 /* LaunchScreen.storyboard */,
				E43CD61C28F692BE00998899 /* Info.plist */,
				BF6C05FC290093F700E79267 /* GoogleService-Info.plist */,
			);
			path = "Meet Me Outside";
			sourceTree = "<group>";
		};
/* End PBXGroup section */

/* Begin PBXNativeTarget section */
		E43CD60A28F692BA00998899 /* Meet Me Outside */ = {
			isa = PBXNativeTarget;
			buildConfigurationList = E43CD61F28F692BE00998899 /* Build configuration list for PBXNativeTarget "Meet Me Outside" */;
			buildPhases = (
				E43CD60728F692BA00998899 /* Sources */,
				E43CD60828F692BA00998899 /* Frameworks */,
				E43CD60928F692BA00998899 /* Resources */,
			);
			buildRules = (
			);
			dependencies = (
			);
			name = "Meet Me Outside";
			packageProductDependencies = (
				BF6C06022900972C00E79267 /* FirebaseAuth */,
			);
			productName = "Meet Me Outside";
			productReference = E43CD60B28F692BA00998899 /* Meet Me Outside.app */;
			productType = "com.apple.product-type.application";
		};
/* End PBXNativeTarget section */

/* Begin PBXProject section */
		E43CD60328F692BA00998899 /* Project object */ = {
			isa = PBXProject;
			attributes = {
				BuildIndependentTargetsInParallel = 1;
				LastSwiftUpdateCheck = 1400;
				LastUpgradeCheck = 1400;
				TargetAttributes = {
					E43CD60A28F692BA00998899 = {
						CreatedOnToolsVersion = 14.0.1;
					};
				};
			};
			buildConfigurationList = E43CD60628F692BA00998899 /* Build configuration list for PBXProject "Meet Me Outside" */;
			compatibilityVersion = "Xcode 14.0";
			developmentRegion = en;
			hasScannedForEncodings = 0;
			knownRegions = (
				en,
				Base,
			);
			mainGroup = E43CD60228F692BA00998899;
			packageReferences = (
				BF6C06012900972C00E79267 /* XCRemoteSwiftPackageReference "firebase-ios-sdk" */,
			);
			productRefGroup = E43CD60C28F692BA00998899 /* Products */;
			projectDirPath = "";
			projectRoot = "";
			targets = (
				E43CD60A28F692BA00998899 /* Meet Me Outside */,
			);
		};
/* End PBXProject section */

/* Begin PBXResourcesBuildPhase section */
		E43CD60928F692BA00998899 /* Resources */ = {
			isa = PBXResourcesBuildPhase;
			buildActionMask = 2147483647;
			files = (
				E43CD61B28F692BE00998899 /* LaunchScreen.storyboard in Resources */,
				BF6C05FD290093F700E79267 /* GoogleService-Info.plist in Resources */,
				E43CD61828F692BE00998899 /* Assets.xcassets in Resources */,
				E43CD61628F692BA00998899 /* Main.storyboard in Resources */,
			);
			runOnlyForDeploymentPostprocessing = 0;
		};
/* End PBXResourcesBuildPhase section */

/* Begin PBXSourcesBuildPhase section */
		E43CD60728F692BA00998899 /* Sources */ = {
			isa = PBXSourcesBuildPhase;
			buildActionMask = 2147483647;
			files = (
				BF0F024729007E300073B0F9 /* LoginViewController.swift in Sources */,
				E43CD61328F692BA00998899 /* ViewController.swift in Sources */,
				BF0F024929007FB50073B0F9 /* SignupViewController.swift in Sources */,
				BF0F024B290080060073B0F9 /* IntroViewController.swift in Sources */,
				E43CD60F28F692BA00998899 /* AppDelegate.swift in Sources */,
				BF6C05FB290088E200E79267 /* HomeViewController.swift in Sources */,
				BF6C0600290095C400E79267 /* ProfileViewController.swift in Sources */,
				E43CD61128F692BA00998899 /* SceneDelegate.swift in Sources */,
			);
			runOnlyForDeploymentPostprocessing = 0;
		};
/* End PBXSourcesBuildPhase section */

/* Begin PBXVariantGroup section */
		E43CD61428F692BA00998899 /* Main.storyboard */ = {
			isa = PBXVariantGroup;
			children = (
				E43CD61528F692BA00998899 /* Base */,
			);
			name = Main.storyboard;
			sourceTree = "<group>";
		};
		E43CD61928F692BE00998899 /* LaunchScreen.storyboard */ = {
			isa = PBXVariantGroup;
			children = (
				E43CD61A28F692BE00998899 /* Base */,
			);
			name = LaunchScreen.storyboard;
			sourceTree = "<group>";
		};
/* End PBXVariantGroup section */

/* Begin XCBuildConfiguration section */
		E43CD61D28F692BE00998899 /* Debug */ = {
			isa = XCBuildConfiguration;
			buildSettings = {
				ALWAYS_SEARCH_USER_PATHS = NO;
				CLANG_ANALYZER_NONNULL = YES;
				CLANG_ANALYZER_NUMBER_OBJECT_CONVERSION = YES_AGGRESSIVE;
				CLANG_CXX_LANGUAGE_STANDARD = "gnu++20";
				CLANG_ENABLE_MODULES = YES;
				CLANG_ENABLE_OBJC_ARC = YES;
				CLANG_ENABLE_OBJC_WEAK = YES;
				CLANG_WARN_BLOCK_CAPTURE_AUTORELEASING = YES;
				CLANG_WARN_BOOL_CONVERSION = YES;
				CLANG_WARN_COMMA = YES;
				CLANG_WARN_CONSTANT_CONVERSION = YES;
				CLANG_WARN_DEPRECATED_OBJC_IMPLEMENTATIONS = YES;
				CLANG_WARN_DIRECT_OBJC_ISA_USAGE = YES_ERROR;
				CLANG_WARN_DOCUMENTATION_COMMENTS = YES;
				CLANG_WARN_EMPTY_BODY = YES;
				CLANG_WARN_ENUM_CONVERSION = YES;
				CLANG_WARN_INFINITE_RECURSION = YES;
				CLANG_WARN_INT_CONVERSION = YES;
				CLANG_WARN_NON_LITERAL_NULL_CONVERSION = YES;
				CLANG_WARN_OBJC_IMPLICIT_RETAIN_SELF = YES;
				CLANG_WARN_OBJC_LITERAL_CONVERSION = YES;
				CLANG_WARN_OBJC_ROOT_CLASS = YES_ERROR;
				CLANG_WARN_QUOTED_INCLUDE_IN_FRAMEWORK_HEADER = YES;
				CLANG_WARN_RANGE_LOOP_ANALYSIS = YES;
				CLANG_WARN_STRICT_PROTOTYPES = YES;
				CLANG_WARN_SUSPICIOUS_MOVE = YES;
				CLANG_WARN_UNGUARDED_AVAILABILITY = YES_AGGRESSIVE;
				CLANG_WARN_UNREACHABLE_CODE = YES;
				CLANG_WARN__DUPLICATE_METHOD_MATCH = YES;
				COPY_PHASE_STRIP = NO;
				DEBUG_INFORMATION_FORMAT = dwarf;
				ENABLE_STRICT_OBJC_MSGSEND = YES;
				ENABLE_TESTABILITY = YES;
				GCC_C_LANGUAGE_STANDARD = gnu11;
				GCC_DYNAMIC_NO_PIC = NO;
				GCC_NO_COMMON_BLOCKS = YES;
				GCC_OPTIMIZATION_LEVEL = 0;
				GCC_PREPROCESSOR_DEFINITIONS = (
					"DEBUG=1",
					"$(inherited)",
				);
				GCC_WARN_64_TO_32_BIT_CONVERSION = YES;
				GCC_WARN_ABOUT_RETURN_TYPE = YES_ERROR;
				GCC_WARN_UNDECLARED_SELECTOR = YES;
				GCC_WARN_UNINITIALIZED_AUTOS = YES_AGGRESSIVE;
				GCC_WARN_UNUSED_FUNCTION = YES;
				GCC_WARN_UNUSED_VARIABLE = YES;
				IPHONEOS_DEPLOYMENT_TARGET = 16.0;
				MTL_ENABLE_DEBUG_INFO = INCLUDE_SOURCE;
				MTL_FAST_MATH = YES;
				ONLY_ACTIVE_ARCH = YES;
				SDKROOT = iphoneos;
				SWIFT_ACTIVE_COMPILATION_CONDITIONS = DEBUG;
				SWIFT_OPTIMIZATION_LEVEL = "-Onone";
			};
			name = Debug;
		};
		E43CD61E28F692BE00998899 /* Release */ = {
			isa = XCBuildConfiguration;
			buildSettings = {
				ALWAYS_SEARCH_USER_PATHS = NO;
				CLANG_ANALYZER_NONNULL = YES;
				CLANG_ANALYZER_NUMBER_OBJECT_CONVERSION = YES_AGGRESSIVE;
				CLANG_CXX_LANGUAGE_STANDARD = "gnu++20";
				CLANG_ENABLE_MODULES = YES;
				CLANG_ENABLE_OBJC_ARC = YES;
				CLANG_ENABLE_OBJC_WEAK = YES;
				CLANG_WARN_BLOCK_CAPTURE_AUTORELEASING = YES;
				CLANG_WARN_BOOL_CONVERSION = YES;
				CLANG_WARN_COMMA = YES;
				CLANG_WARN_CONSTANT_CONVERSION = YES;
				CLANG_WARN_DEPRECATED_OBJC_IMPLEMENTATIONS = YES;
				CLANG_WARN_DIRECT_OBJC_ISA_USAGE = YES_ERROR;
				CLANG_WARN_DOCUMENTATION_COMMENTS = YES;
				CLANG_WARN_EMPTY_BODY = YES;
				CLANG_WARN_ENUM_CONVERSION = YES;
				CLANG_WARN_INFINITE_RECURSION = YES;
				CLANG_WARN_INT_CONVERSION = YES;
				CLANG_WARN_NON_LITERAL_NULL_CONVERSION = YES;
				CLANG_WARN_OBJC_IMPLICIT_RETAIN_SELF = YES;
				CLANG_WARN_OBJC_LITERAL_CONVERSION = YES;
				CLANG_WARN_OBJC_ROOT_CLASS = YES_ERROR;
				CLANG_WARN_QUOTED_INCLUDE_IN_FRAMEWORK_HEADER = YES;
				CLANG_WARN_RANGE_LOOP_ANALYSIS = YES;
				CLANG_WARN_STRICT_PROTOTYPES = YES;
				CLANG_WARN_SUSPICIOUS_MOVE = YES;
				CLANG_WARN_UNGUARDED_AVAILABILITY = YES_AGGRESSIVE;
				CLANG_WARN_UNREACHABLE_CODE = YES;
				CLANG_WARN__DUPLICATE_METHOD_MATCH = YES;
				COPY_PHASE_STRIP = NO;
				DEBUG_INFORMATION_FORMAT = "dwarf-with-dsym";
				ENABLE_NS_ASSERTIONS = NO;
				ENABLE_STRICT_OBJC_MSGSEND = YES;
				GCC_C_LANGUAGE_STANDARD = gnu11;
				GCC_NO_COMMON_BLOCKS = YES;
				GCC_WARN_64_TO_32_BIT_CONVERSION = YES;
				GCC_WARN_ABOUT_RETURN_TYPE = YES_ERROR;
				GCC_WARN_UNDECLARED_SELECTOR = YES;
				GCC_WARN_UNINITIALIZED_AUTOS = YES_AGGRESSIVE;
				GCC_WARN_UNUSED_FUNCTION = YES;
				GCC_WARN_UNUSED_VARIABLE = YES;
				IPHONEOS_DEPLOYMENT_TARGET = 16.0;
				MTL_ENABLE_DEBUG_INFO = NO;
				MTL_FAST_MATH = YES;
				SDKROOT = iphoneos;
				SWIFT_COMPILATION_MODE = wholemodule;
				SWIFT_OPTIMIZATION_LEVEL = "-O";
				VALIDATE_PRODUCT = YES;
			};
			name = Release;
		};
		E43CD62028F692BE00998899 /* Debug */ = {
			isa = XCBuildConfiguration;
			buildSettings = {
				ASSETCATALOG_COMPILER_APPICON_NAME = AppIcon;
				ASSETCATALOG_COMPILER_GLOBAL_ACCENT_COLOR_NAME = AccentColor;
				CODE_SIGN_STYLE = Automatic;
				CURRENT_PROJECT_VERSION = 1;
				DEVELOPMENT_TEAM = YYR52SYVD2;
				GENERATE_INFOPLIST_FILE = YES;
				INFOPLIST_FILE = "Meet Me Outside/Info.plist";
				INFOPLIST_KEY_UIApplicationSupportsIndirectInputEvents = YES;
				INFOPLIST_KEY_UILaunchStoryboardName = LaunchScreen;
				INFOPLIST_KEY_UIMainStoryboardFile = Main;
				INFOPLIST_KEY_UISupportedInterfaceOrientations_iPad = "UIInterfaceOrientationPortrait UIInterfaceOrientationPortraitUpsideDown UIInterfaceOrientationLandscapeLeft UIInterfaceOrientationLandscapeRight";
				INFOPLIST_KEY_UISupportedInterfaceOrientations_iPhone = "UIInterfaceOrientationPortrait UIInterfaceOrientationLandscapeLeft UIInterfaceOrientationLandscapeRight";
				LD_RUNPATH_SEARCH_PATHS = (
					"$(inherited)",
					"@executable_path/Frameworks",
				);
				MARKETING_VERSION = 1.0;
				PRODUCT_BUNDLE_IDENTIFIER = "CS329E.Meet-Me-Outside";
				PRODUCT_NAME = "$(TARGET_NAME)";
				SWIFT_EMIT_LOC_STRINGS = YES;
				SWIFT_VERSION = 5.0;
				TARGETED_DEVICE_FAMILY = "1,2";
			};
			name = Debug;
		};
		E43CD62128F692BE00998899 /* Release */ = {
			isa = XCBuildConfiguration;
			buildSettings = {
				ASSETCATALOG_COMPILER_APPICON_NAME = AppIcon;
				ASSETCATALOG_COMPILER_GLOBAL_ACCENT_COLOR_NAME = AccentColor;
				CODE_SIGN_STYLE = Automatic;
				CURRENT_PROJECT_VERSION = 1;
				DEVELOPMENT_TEAM = YYR52SYVD2;
				GENERATE_INFOPLIST_FILE = YES;
				INFOPLIST_FILE = "Meet Me Outside/Info.plist";
				INFOPLIST_KEY_UIApplicationSupportsIndirectInputEvents = YES;
				INFOPLIST_KEY_UILaunchStoryboardName = LaunchScreen;
				INFOPLIST_KEY_UIMainStoryboardFile = Main;
				INFOPLIST_KEY_UISupportedInterfaceOrientations_iPad = "UIInterfaceOrientationPortrait UIInterfaceOrientationPortraitUpsideDown UIInterfaceOrientationLandscapeLeft UIInterfaceOrientationLandscapeRight";
				INFOPLIST_KEY_UISupportedInterfaceOrientations_iPhone = "UIInterfaceOrientationPortrait UIInterfaceOrientationLandscapeLeft UIInterfaceOrientationLandscapeRight";
				LD_RUNPATH_SEARCH_PATHS = (
					"$(inherited)",
					"@executable_path/Frameworks",
				);
				MARKETING_VERSION = 1.0;
				PRODUCT_BUNDLE_IDENTIFIER = "CS329E.Meet-Me-Outside";
				PRODUCT_NAME = "$(TARGET_NAME)";
				SWIFT_EMIT_LOC_STRINGS = YES;
				SWIFT_VERSION = 5.0;
				TARGETED_DEVICE_FAMILY = "1,2";
			};
			name = Release;
		};
/* End XCBuildConfiguration section */

/* Begin XCConfigurationList section */
		E43CD60628F692BA00998899 /* Build configuration list for PBXProject "Meet Me Outside" */ = {
			isa = XCConfigurationList;
			buildConfigurations = (
				E43CD61D28F692BE00998899 /* Debug */,
				E43CD61E28F692BE00998899 /* Release */,
			);
			defaultConfigurationIsVisible = 0;
			defaultConfigurationName = Release;
		};
		E43CD61F28F692BE00998899 /* Build configuration list for PBXNativeTarget "Meet Me Outside" */ = {
			isa = XCConfigurationList;
			buildConfigurations = (
				E43CD62028F692BE00998899 /* Debug */,
				E43CD62128F692BE00998899 /* Release */,
			);
			defaultConfigurationIsVisible = 0;
			defaultConfigurationName = Release;
		};
/* End XCConfigurationList section */

/* Begin XCRemoteSwiftPackageReference section */
		BF6C06012900972C00E79267 /* XCRemoteSwiftPackageReference "firebase-ios-sdk" */ = {
			isa = XCRemoteSwiftPackageReference;
			repositoryURL = "https://github.com/firebase/firebase-ios-sdk";
			requirement = {
				kind = upToNextMajorVersion;
				minimumVersion = 9.0.0;
			};
		};
/* End XCRemoteSwiftPackageReference section */

/* Begin XCSwiftPackageProductDependency section */
		BF6C06022900972C00E79267 /* FirebaseAuth */ = {
			isa = XCSwiftPackageProductDependency;
			package = BF6C06012900972C00E79267 /* XCRemoteSwiftPackageReference "firebase-ios-sdk" */;
			productName = FirebaseAuth;
		};
/* End XCSwiftPackageProductDependency section */
	};
	rootObject = E43CD60328F692BA00998899 /* Project object */;
}
